
Microsoft Visual Studio Solution File, Format Version 12.00
# Visual Studio Version 17
VisualStudioVersion = 17.7.34018.315
MinimumVisualStudioVersion = 10.0.40219.1
Project("{FAE04EC0-301F-11D3-BF4B-00C04F79EFBC}") = "XAU", "XAU\XAU.csproj", "{301F822B-2B52-40DD-B505-365F1180EF54}"
EndProject
Global
	GlobalSection(SolutionConfigurationPlatforms) = preSolution
		Debug|Any CPU = Debug|Any CPU
		Release|Any CPU = Release|Any CPU
	EndGlobalSection
	GlobalSection(ProjectConfigurationPlatforms) = postSolution
		{301F822B-2B52-40DD-B505-365F1180EF54}.Debug|Any CPU.ActiveCfg = Debug|Any CPU
		{301F822B-2B52-40DD-B505-365F1180EF54}.Debug|Any CPU.Build.0 = Debug|Any CPU
		{301F822B-2B52-40DD-B505-365F1180EF54}.Release|Any CPU.ActiveCfg = Release|Any CPU
		{301F822B-2B52-40DD-B505-365F1180EF54}.Release|Any CPU.Build.0 = Release|Any CPU
	EndGlobalSection
	GlobalSection(SolutionProperties) = preSolution
		HideSolutionNode = FALSE
	EndGlobalSection
	GlobalSection(ExtensibilityGlobals) = postSolution
		SolutionGuid = {08A8E163-8C3A-49F4-81A8-E80271EFDFBF}
	EndGlobalSection
EndGlobal
