
Microsoft Visual Studio Solution File, Format Version 12.00
# Visual Studio Version 17
VisualStudioVersion = 17.7.34018.315
MinimumVisualStudioVersion = 10.0.40219.1
Project("{9A19103F-16F7-4668-BE54-9A1E7A4F7556}") = "XAU", "XAU\XAU.csproj", "{301F822B-2B52-40DD-B505-365F1180EF54}"
EndProject
Global
	GlobalSection(SolutionConfigurationPlatforms) = preSolution
		Debug|Any CPU = Debug|Any CPU
		Debug|x64 = Debug|x64
		Release|Any CPU = Release|Any CPU
		Release|x64 = Release|x64
	EndGlobalSection
	GlobalSection(ProjectConfigurationPlatforms) = postSolution
		{301F822B-2B52-40DD-B505-365F1180EF54}.Debug|Any CPU.ActiveCfg = Debug|Any CPU
		{301F822B-2B52-40DD-B505-365F1180EF54}.Debug|Any CPU.Build.0 = Debug|Any CPU
		{301F822B-2B52-40DD-B505-365F1180EF54}.Debug|x64.ActiveCfg = Debug|x64
		{301F822B-2B52-40DD-B505-365F1180EF54}.Debug|x64.Build.0 = Debug|x64
		{301F822B-2B52-40DD-B505-365F1180EF54}.Release|Any CPU.ActiveCfg = Release|Any CPU
		{301F822B-2B52-40DD-B505-365F1180EF54}.Release|Any CPU.Build.0 = Release|Any CPU
		{301F822B-2B52-40DD-B505-365F1180EF54}.Release|x64.ActiveCfg = Release|x64
		{301F822B-2B52-40DD-B505-365F1180EF54}.Release|x64.Build.0 = Release|x64
	EndGlobalSection
	GlobalSection(SolutionProperties) = preSolution
		HideSolutionNode = FALSE
	EndGlobalSection
	GlobalSection(ExtensibilityGlobals) = postSolution
		SolutionGuid = {08A8E163-8C3A-49F4-81A8-E80271EFDFBF}
	EndGlobalSection
EndGlobal
