
Microsoft Visual Studio Solution File, Format Version 12.00
# Visual Studio Version 16
VisualStudioVersion = 16.0.31702.278
MinimumVisualStudioVersion = 10.0.40219.1
Project("{9A19103F-16F7-4668-BE54-9A1E7A4F7556}") = "Xbox Achievement Unlocker", "Xbox Achievement Unlocker.csproj", "{014A3C31-835B-47D8-A589-412B726084F8}"
EndProject
Global
	GlobalSection(SolutionConfigurationPlatforms) = preSolution
		Debug|Any CPU = Debug|Any CPU
		Debug|x64 = Debug|x64
		Release|Any CPU = Release|Any CPU
		Release|x64 = Release|x64
	EndGlobalSection
	GlobalSection(ProjectConfigurationPlatforms) = postSolution
		{014A3C31-835B-47D8-A589-412B726084F8}.Debug|Any CPU.ActiveCfg = Debug|Any CPU
		{014A3C31-835B-47D8-A589-412B726084F8}.Debug|Any CPU.Build.0 = Debug|Any CPU
		{014A3C31-835B-47D8-A589-412B726084F8}.Debug|x64.ActiveCfg = Debug|x64
		{014A3C31-835B-47D8-A589-412B726084F8}.Debug|x64.Build.0 = Debug|x64
		{014A3C31-835B-47D8-A589-412B726084F8}.Release|Any CPU.ActiveCfg = Release|Any CPU
		{014A3C31-835B-47D8-A589-412B726084F8}.Release|Any CPU.Build.0 = Release|Any CPU
		{014A3C31-835B-47D8-A589-412B726084F8}.Release|x64.ActiveCfg = Release|x64
		{014A3C31-835B-47D8-A589-412B726084F8}.Release|x64.Build.0 = Release|x64
	EndGlobalSection
	GlobalSection(SolutionProperties) = preSolution
		HideSolutionNode = FALSE
	EndGlobalSection
	GlobalSection(ExtensibilityGlobals) = postSolution
		SolutionGuid = {5CA75D67-50AE-4369-BAAD-580C61994168}
	EndGlobalSection
EndGlobal
